
Microsoft Visual Studio Solution File, Format Version 12.00
# Visual Studio Version 16
VisualStudioVersion = 16.0.29613.14
MinimumVisualStudioVersion = 10.0.40219.1
Project("{FAE04EC0-301F-11D3-BF4B-00C04F79EFBC}") = "GetStackExchangeAnswersFromUser", "GetStackExchangeAnswersFromUser\GetStackExchangeAnswersFromUser.csproj", "{C6C00EEF-09C5-4396-969A-033F58ECB526}"
EndProject
Global
	GlobalSection(SolutionConfigurationPlatforms) = preSolution
		Debug|Any CPU = Debug|Any CPU
		Release|Any CPU = Release|Any CPU
	EndGlobalSection
	GlobalSection(ProjectConfigurationPlatforms) = postSolution
		{C6C00EEF-09C5-4396-969A-033F58ECB526}.Debug|Any CPU.ActiveCfg = Debug|Any CPU
		{C6C00EEF-09C5-4396-969A-033F58ECB526}.Debug|Any CPU.Build.0 = Debug|Any CPU
		{C6C00EEF-09C5-4396-969A-033F58ECB526}.Release|Any CPU.ActiveCfg = Release|Any CPU
		{C6C00EEF-09C5-4396-969A-033F58ECB526}.Release|Any CPU.Build.0 = Release|Any CPU
	EndGlobalSection
	GlobalSection(SolutionProperties) = preSolution
		HideSolutionNode = FALSE
	EndGlobalSection
	GlobalSection(ExtensibilityGlobals) = postSolution
		SolutionGuid = {ED372A63-A512-434E-A902-88E8E0AB74E7}
	EndGlobalSection
EndGlobal
