
Microsoft Visual Studio Solution File, Format Version 12.00
# Visual Studio Version 16
VisualStudioVersion = 16.0.29613.14
MinimumVisualStudioVersion = 10.0.40219.1
Project("{9A19103F-16F7-4668-BE54-9A1E7A4F7556}") = "GetStackExchangeAnswersFromUser", "GetStackExchangeAnswersFromUser\GetStackExchangeAnswersFromUser.csproj", "{C6C00EEF-09C5-4396-969A-033F58ECB526}"
EndProject
Project("{9A19103F-16F7-4668-BE54-9A1E7A4F7556}") = "QueryStackExchangeApi", "QueryStackExchangeApi\QueryStackExchangeApi.csproj", "{894A2F25-F886-4DEC-B3AF-334188EC6461}"
EndProject
Project("{9A19103F-16F7-4668-BE54-9A1E7A4F7556}") = "Questions2Book", "Questions2Book\Questions2Book.csproj", "{6E3E6016-DAD4-49B4-A884-06F9842A7816}"
EndProject
Project("{FAE04EC0-301F-11D3-BF4B-00C04F79EFBC}") = "UnitTests", "UnitTests\UnitTests.csproj", "{F53F6021-4D40-47CA-AE93-A9AB50F15E94}"
EndProject
Global
	GlobalSection(SolutionConfigurationPlatforms) = preSolution
		Debug|Any CPU = Debug|Any CPU
		Release|Any CPU = Release|Any CPU
	EndGlobalSection
	GlobalSection(ProjectConfigurationPlatforms) = postSolution
		{C6C00EEF-09C5-4396-969A-033F58ECB526}.Debug|Any CPU.ActiveCfg = Debug|Any CPU
		{C6C00EEF-09C5-4396-969A-033F58ECB526}.Debug|Any CPU.Build.0 = Debug|Any CPU
		{C6C00EEF-09C5-4396-969A-033F58ECB526}.Release|Any CPU.ActiveCfg = Release|Any CPU
		{C6C00EEF-09C5-4396-969A-033F58ECB526}.Release|Any CPU.Build.0 = Release|Any CPU
		{894A2F25-F886-4DEC-B3AF-334188EC6461}.Debug|Any CPU.ActiveCfg = Debug|Any CPU
		{894A2F25-F886-4DEC-B3AF-334188EC6461}.Debug|Any CPU.Build.0 = Debug|Any CPU
		{894A2F25-F886-4DEC-B3AF-334188EC6461}.Release|Any CPU.ActiveCfg = Release|Any CPU
		{894A2F25-F886-4DEC-B3AF-334188EC6461}.Release|Any CPU.Build.0 = Release|Any CPU
		{6E3E6016-DAD4-49B4-A884-06F9842A7816}.Debug|Any CPU.ActiveCfg = Debug|Any CPU
		{6E3E6016-DAD4-49B4-A884-06F9842A7816}.Debug|Any CPU.Build.0 = Debug|Any CPU
		{6E3E6016-DAD4-49B4-A884-06F9842A7816}.Release|Any CPU.ActiveCfg = Release|Any CPU
		{6E3E6016-DAD4-49B4-A884-06F9842A7816}.Release|Any CPU.Build.0 = Release|Any CPU
		{F53F6021-4D40-47CA-AE93-A9AB50F15E94}.Debug|Any CPU.ActiveCfg = Debug|Any CPU
		{F53F6021-4D40-47CA-AE93-A9AB50F15E94}.Debug|Any CPU.Build.0 = Debug|Any CPU
		{F53F6021-4D40-47CA-AE93-A9AB50F15E94}.Release|Any CPU.ActiveCfg = Release|Any CPU
		{F53F6021-4D40-47CA-AE93-A9AB50F15E94}.Release|Any CPU.Build.0 = Release|Any CPU
	EndGlobalSection
	GlobalSection(SolutionProperties) = preSolution
		HideSolutionNode = FALSE
	EndGlobalSection
	GlobalSection(ExtensibilityGlobals) = postSolution
		SolutionGuid = {ED372A63-A512-434E-A902-88E8E0AB74E7}
	EndGlobalSection
EndGlobal
